# This file is automatically @generated by Cargo.
# It is not intended for manual editing.
[[package]]
name = "compiler"
version = "0.1.0"
dependencies = [
 "leb128 0.2.4 (registry+https://github.com/rust-lang/crates.io-index)",
]

[[package]]
name = "leb128"
version = "0.2.4"
source = "registry+https://github.com/rust-lang/crates.io-index"

[metadata]
"checksum leb128 0.2.4 (registry+https://github.com/rust-lang/crates.io-index)" = "3576a87f2ba00f6f106fdfcd16db1d698d648a26ad8e0573cad8537c3c362d2a"
